
Microsoft Visual Studio Solution File, Format Version 12.00
# Visual Studio Version 16
VisualStudioVersion = 16.0.30907.101
MinimumVisualStudioVersion = 10.0.40219.1
Project("{FAE04EC0-301F-11D3-BF4B-00C04F79EFBC}") = "noteManager", "noteManager\noteManager.csproj", "{9DD26F5A-C0FD-4065-BE31-73DF22C9B17A}"
EndProject
Global
	GlobalSection(SolutionConfigurationPlatforms) = preSolution
		Debug|Any CPU = Debug|Any CPU
		Release|Any CPU = Release|Any CPU
	EndGlobalSection
	GlobalSection(ProjectConfigurationPlatforms) = postSolution
		{9DD26F5A-C0FD-4065-BE31-73DF22C9B17A}.Debug|Any CPU.ActiveCfg = Debug|Any CPU
		{9DD26F5A-C0FD-4065-BE31-73DF22C9B17A}.Debug|Any CPU.Build.0 = Debug|Any CPU
		{9DD26F5A-C0FD-4065-BE31-73DF22C9B17A}.Release|Any CPU.ActiveCfg = Release|Any CPU
		{9DD26F5A-C0FD-4065-BE31-73DF22C9B17A}.Release|Any CPU.Build.0 = Release|Any CPU
	EndGlobalSection
	GlobalSection(SolutionProperties) = preSolution
		HideSolutionNode = FALSE
	EndGlobalSection
	GlobalSection(ExtensibilityGlobals) = postSolution
		SolutionGuid = {36A34877-1519-4B13-84FE-39925B618000}
	EndGlobalSection
EndGlobal
